{
  "name": "ngx-positioner",
  "version": "1.0.0",
  "lockfileVersion": 1,
  "requires": true,
  "dependencies": {
    "detect-browser": {
      "version": "4.5.0",
      "resolved": "https://registry.npmjs.org/detect-browser/-/detect-browser-4.5.0.tgz",
      "integrity": "sha512-uwyZNBwMhvRIOBIBTuDu+h4/a2bfFE/elUIvAOuKuBZcuy6yAJ/9dOe4r3wyWO/ZW2PcsP0dhEwiVwTPTTJp2Q=="
    }
  }
}
